
Microsoft Visual Studio Solution File, Format Version 12.00
# Visual Studio Version 17
VisualStudioVersion = 17.4.33403.182
MinimumVisualStudioVersion = 10.0.40219.1
Project("{FAE04EC0-301F-11D3-BF4B-00C04F79EFBC}") = "EventCode", "EventCode\EventCode.csproj", "{02ECB8DB-FDFD-4121-8913-213D8BDF5F96}"
EndProject
Global
	GlobalSection(SolutionConfigurationPlatforms) = preSolution
		Debug|Any CPU = Debug|Any CPU
		Release|Any CPU = Release|Any CPU
	EndGlobalSection
	GlobalSection(ProjectConfigurationPlatforms) = postSolution
		{02ECB8DB-FDFD-4121-8913-213D8BDF5F96}.Debug|Any CPU.ActiveCfg = Debug|Any CPU
		{02ECB8DB-FDFD-4121-8913-213D8BDF5F96}.Debug|Any CPU.Build.0 = Debug|Any CPU
		{02ECB8DB-FDFD-4121-8913-213D8BDF5F96}.Release|Any CPU.ActiveCfg = Release|Any CPU
		{02ECB8DB-FDFD-4121-8913-213D8BDF5F96}.Release|Any CPU.Build.0 = Release|Any CPU
	EndGlobalSection
	GlobalSection(SolutionProperties) = preSolution
		HideSolutionNode = FALSE
	EndGlobalSection
	GlobalSection(ExtensibilityGlobals) = postSolution
		SolutionGuid = {CCAF8CA7-D772-4B35-B22F-3CF606FAF8F7}
	EndGlobalSection
EndGlobal
